
Microsoft Visual Studio Solution File, Format Version 12.00
# Visual Studio Version 17
VisualStudioVersion = 17.8.34511.84
MinimumVisualStudioVersion = 10.0.40219.1
Project("{FAE04EC0-301F-11D3-BF4B-00C04F79EFBC}") = "BasementBlog", "BasementBlog\BasementBlog.csproj", "{57BE8289-4495-4EEE-A940-3F410D0598C8}"
EndProject
Project("{9A19103F-16F7-4668-BE54-9A1E7A4F7556}") = "BasementBlog.Database", "BasementBlog.Database\BasementBlog.Database.csproj", "{2FA66B87-842E-4387-841D-7732BA983B82}"
EndProject
Project("{9A19103F-16F7-4668-BE54-9A1E7A4F7556}") = "BasementBlog.DTO", "BasementBlog.DTO\BasementBlog.DTO.csproj", "{E012F4AB-DFD4-4FE6-BEB4-DF1086CC99BC}"
EndProject
Project("{9A19103F-16F7-4668-BE54-9A1E7A4F7556}") = "BasementBlog.Services", "BasementBlog.Services\BasementBlog.Services.csproj", "{85F035BD-F0A9-4485-8147-CCDB54AB8A43}"
EndProject
Global
	GlobalSection(SolutionConfigurationPlatforms) = preSolution
		Debug|Any CPU = Debug|Any CPU
		Release|Any CPU = Release|Any CPU
	EndGlobalSection
	GlobalSection(ProjectConfigurationPlatforms) = postSolution
		{57BE8289-4495-4EEE-A940-3F410D0598C8}.Debug|Any CPU.ActiveCfg = Debug|Any CPU
		{57BE8289-4495-4EEE-A940-3F410D0598C8}.Debug|Any CPU.Build.0 = Debug|Any CPU
		{57BE8289-4495-4EEE-A940-3F410D0598C8}.Release|Any CPU.ActiveCfg = Release|Any CPU
		{57BE8289-4495-4EEE-A940-3F410D0598C8}.Release|Any CPU.Build.0 = Release|Any CPU
		{2FA66B87-842E-4387-841D-7732BA983B82}.Debug|Any CPU.ActiveCfg = Debug|Any CPU
		{2FA66B87-842E-4387-841D-7732BA983B82}.Debug|Any CPU.Build.0 = Debug|Any CPU
		{2FA66B87-842E-4387-841D-7732BA983B82}.Release|Any CPU.ActiveCfg = Release|Any CPU
		{2FA66B87-842E-4387-841D-7732BA983B82}.Release|Any CPU.Build.0 = Release|Any CPU
		{E012F4AB-DFD4-4FE6-BEB4-DF1086CC99BC}.Debug|Any CPU.ActiveCfg = Debug|Any CPU
		{E012F4AB-DFD4-4FE6-BEB4-DF1086CC99BC}.Debug|Any CPU.Build.0 = Debug|Any CPU
		{E012F4AB-DFD4-4FE6-BEB4-DF1086CC99BC}.Release|Any CPU.ActiveCfg = Release|Any CPU
		{E012F4AB-DFD4-4FE6-BEB4-DF1086CC99BC}.Release|Any CPU.Build.0 = Release|Any CPU
		{85F035BD-F0A9-4485-8147-CCDB54AB8A43}.Debug|Any CPU.ActiveCfg = Debug|Any CPU
		{85F035BD-F0A9-4485-8147-CCDB54AB8A43}.Debug|Any CPU.Build.0 = Debug|Any CPU
		{85F035BD-F0A9-4485-8147-CCDB54AB8A43}.Release|Any CPU.ActiveCfg = Release|Any CPU
		{85F035BD-F0A9-4485-8147-CCDB54AB8A43}.Release|Any CPU.Build.0 = Release|Any CPU
	EndGlobalSection
	GlobalSection(SolutionProperties) = preSolution
		HideSolutionNode = FALSE
	EndGlobalSection
	GlobalSection(ExtensibilityGlobals) = postSolution
		SolutionGuid = {79F3A385-1024-4CA3-9877-AB0D05A4C378}
	EndGlobalSection
EndGlobal
