
Microsoft Visual Studio Solution File, Format Version 12.00
# Visual Studio Version 17
VisualStudioVersion = 17.8.34511.84
MinimumVisualStudioVersion = 10.0.40219.1
Project("{9A19103F-16F7-4668-BE54-9A1E7A4F7556}") = "Blog.Database", "Blog.Database\Blog.Database.csproj", "{28CFAB70-53AD-4B25-AB6F-D7D0451FD245}"
EndProject
Project("{9A19103F-16F7-4668-BE54-9A1E7A4F7556}") = "Blog.DTO", "Blog.DTO\Blog.DTO.csproj", "{57C47ADE-9FC5-4E62-9120-917D39AEAD71}"
EndProject
Project("{9A19103F-16F7-4668-BE54-9A1E7A4F7556}") = "Blog.Services", "Blog.Services\Blog.Services.csproj", "{73BE1B2A-BFBC-4C43-8326-F7421072918B}"
EndProject
Project("{9A19103F-16F7-4668-BE54-9A1E7A4F7556}") = "Blog.Tests", "Blog.Tests\Blog.Tests.csproj", "{5834ACE1-32C1-4549-B42A-A19FA99E656A}"
EndProject
Project("{9A19103F-16F7-4668-BE54-9A1E7A4F7556}") = "Blog.Utilities", "Blog.Utilities\Blog.Utilities.csproj", "{54101232-CCA6-4464-A315-01E0A86D607B}"
EndProject
Project("{9A19103F-16F7-4668-BE54-9A1E7A4F7556}") = "Blog.ViewModels", "Blog.ViewModels\Blog.ViewModels.csproj", "{E74E2069-2F5E-466F-B9E0-9EBF42A5C8C4}"
EndProject
Project("{9A19103F-16F7-4668-BE54-9A1E7A4F7556}") = "Blog.Views", "Blog.Views\Blog.Views.csproj", "{A6A484E8-1647-451E-8D96-FD3CF5168ACC}"
EndProject
Project("{FAE04EC0-301F-11D3-BF4B-00C04F79EFBC}") = "BlogCore", "BlogCore\BlogCore\BlogCore.csproj", "{B3073934-19C6-438C-B9DD-8E9DDE77270D}"
EndProject
Project("{FAE04EC0-301F-11D3-BF4B-00C04F79EFBC}") = "BlogCore.Client", "BlogCore\BlogCore.Client\BlogCore.Client.csproj", "{4E75F531-9088-4877-9CC7-6784F5F4B208}"
EndProject
Global
	GlobalSection(SolutionConfigurationPlatforms) = preSolution
		Debug|Any CPU = Debug|Any CPU
		Release|Any CPU = Release|Any CPU
	EndGlobalSection
	GlobalSection(ProjectConfigurationPlatforms) = postSolution
		{28CFAB70-53AD-4B25-AB6F-D7D0451FD245}.Debug|Any CPU.ActiveCfg = Debug|Any CPU
		{28CFAB70-53AD-4B25-AB6F-D7D0451FD245}.Debug|Any CPU.Build.0 = Debug|Any CPU
		{28CFAB70-53AD-4B25-AB6F-D7D0451FD245}.Release|Any CPU.ActiveCfg = Release|Any CPU
		{28CFAB70-53AD-4B25-AB6F-D7D0451FD245}.Release|Any CPU.Build.0 = Release|Any CPU
		{57C47ADE-9FC5-4E62-9120-917D39AEAD71}.Debug|Any CPU.ActiveCfg = Debug|Any CPU
		{57C47ADE-9FC5-4E62-9120-917D39AEAD71}.Debug|Any CPU.Build.0 = Debug|Any CPU
		{57C47ADE-9FC5-4E62-9120-917D39AEAD71}.Release|Any CPU.ActiveCfg = Release|Any CPU
		{57C47ADE-9FC5-4E62-9120-917D39AEAD71}.Release|Any CPU.Build.0 = Release|Any CPU
		{73BE1B2A-BFBC-4C43-8326-F7421072918B}.Debug|Any CPU.ActiveCfg = Debug|Any CPU
		{73BE1B2A-BFBC-4C43-8326-F7421072918B}.Debug|Any CPU.Build.0 = Debug|Any CPU
		{73BE1B2A-BFBC-4C43-8326-F7421072918B}.Release|Any CPU.ActiveCfg = Release|Any CPU
		{73BE1B2A-BFBC-4C43-8326-F7421072918B}.Release|Any CPU.Build.0 = Release|Any CPU
		{5834ACE1-32C1-4549-B42A-A19FA99E656A}.Debug|Any CPU.ActiveCfg = Debug|Any CPU
		{5834ACE1-32C1-4549-B42A-A19FA99E656A}.Debug|Any CPU.Build.0 = Debug|Any CPU
		{5834ACE1-32C1-4549-B42A-A19FA99E656A}.Release|Any CPU.ActiveCfg = Release|Any CPU
		{5834ACE1-32C1-4549-B42A-A19FA99E656A}.Release|Any CPU.Build.0 = Release|Any CPU
		{54101232-CCA6-4464-A315-01E0A86D607B}.Debug|Any CPU.ActiveCfg = Debug|Any CPU
		{54101232-CCA6-4464-A315-01E0A86D607B}.Debug|Any CPU.Build.0 = Debug|Any CPU
		{54101232-CCA6-4464-A315-01E0A86D607B}.Release|Any CPU.ActiveCfg = Release|Any CPU
		{54101232-CCA6-4464-A315-01E0A86D607B}.Release|Any CPU.Build.0 = Release|Any CPU
		{E74E2069-2F5E-466F-B9E0-9EBF42A5C8C4}.Debug|Any CPU.ActiveCfg = Debug|Any CPU
		{E74E2069-2F5E-466F-B9E0-9EBF42A5C8C4}.Debug|Any CPU.Build.0 = Debug|Any CPU
		{E74E2069-2F5E-466F-B9E0-9EBF42A5C8C4}.Release|Any CPU.ActiveCfg = Release|Any CPU
		{E74E2069-2F5E-466F-B9E0-9EBF42A5C8C4}.Release|Any CPU.Build.0 = Release|Any CPU
		{A6A484E8-1647-451E-8D96-FD3CF5168ACC}.Debug|Any CPU.ActiveCfg = Debug|Any CPU
		{A6A484E8-1647-451E-8D96-FD3CF5168ACC}.Debug|Any CPU.Build.0 = Debug|Any CPU
		{A6A484E8-1647-451E-8D96-FD3CF5168ACC}.Release|Any CPU.ActiveCfg = Release|Any CPU
		{A6A484E8-1647-451E-8D96-FD3CF5168ACC}.Release|Any CPU.Build.0 = Release|Any CPU
		{B3073934-19C6-438C-B9DD-8E9DDE77270D}.Debug|Any CPU.ActiveCfg = Debug|Any CPU
		{B3073934-19C6-438C-B9DD-8E9DDE77270D}.Debug|Any CPU.Build.0 = Debug|Any CPU
		{B3073934-19C6-438C-B9DD-8E9DDE77270D}.Release|Any CPU.ActiveCfg = Release|Any CPU
		{B3073934-19C6-438C-B9DD-8E9DDE77270D}.Release|Any CPU.Build.0 = Release|Any CPU
		{4E75F531-9088-4877-9CC7-6784F5F4B208}.Debug|Any CPU.ActiveCfg = Debug|Any CPU
		{4E75F531-9088-4877-9CC7-6784F5F4B208}.Debug|Any CPU.Build.0 = Debug|Any CPU
		{4E75F531-9088-4877-9CC7-6784F5F4B208}.Release|Any CPU.ActiveCfg = Release|Any CPU
		{4E75F531-9088-4877-9CC7-6784F5F4B208}.Release|Any CPU.Build.0 = Release|Any CPU
	EndGlobalSection
	GlobalSection(SolutionProperties) = preSolution
		HideSolutionNode = FALSE
	EndGlobalSection
	GlobalSection(ExtensibilityGlobals) = postSolution
		SolutionGuid = {79F3A385-1024-4CA3-9877-AB0D05A4C378}
	EndGlobalSection
EndGlobal
