
Microsoft Visual Studio Solution File, Format Version 12.00
# Visual Studio Version 17
VisualStudioVersion = 17.8.34511.84
MinimumVisualStudioVersion = 10.0.40219.1
Project("{9A19103F-16F7-4668-BE54-9A1E7A4F7556}") = "BasementBlog", "BasementBlog\BasementBlog.csproj", "{57BE8289-4495-4EEE-A940-3F410D0598C8}"
EndProject
Project("{9A19103F-16F7-4668-BE54-9A1E7A4F7556}") = "BasementBlog.Database", "BasementBlog.Database\BasementBlog.Database.csproj", "{2FA66B87-842E-4387-841D-7732BA983B82}"
EndProject
Project("{9A19103F-16F7-4668-BE54-9A1E7A4F7556}") = "BasementBlog.DTO", "BasementBlog.DTO\BasementBlog.DTO.csproj", "{E012F4AB-DFD4-4FE6-BEB4-DF1086CC99BC}"
EndProject
Project("{9A19103F-16F7-4668-BE54-9A1E7A4F7556}") = "BasementBlog.Services", "BasementBlog.Services\BasementBlog.Services.csproj", "{85F035BD-F0A9-4485-8147-CCDB54AB8A43}"
EndProject
Project("{9A19103F-16F7-4668-BE54-9A1E7A4F7556}") = "BasementBlog.ViewModels", "BasementBlog.ViewModels\BasementBlog.ViewModels.csproj", "{B9978FFB-6882-4197-A7C2-0F22A828BFAF}"
EndProject
Project("{9A19103F-16F7-4668-BE54-9A1E7A4F7556}") = "BasementBlog.Views", "BasementBlog.Views\BasementBlog.Views.csproj", "{3CAABA12-71CE-4025-9C77-4983FEBE57E5}"
EndProject
Project("{9A19103F-16F7-4668-BE54-9A1E7A4F7556}") = "BasementBlog.Utilities", "BasementBlog.Utilities\BasementBlog.Utilities.csproj", "{AC648F77-28DB-4FF6-88BD-C8402F79A909}"
EndProject
Project("{9A19103F-16F7-4668-BE54-9A1E7A4F7556}") = "BasementBlog.Tests", "BasementBlog.Tests\BasementBlog.Tests.csproj", "{AD65C7FD-FEF6-4630-B628-1041E15129FC}"
EndProject
Project("{FAE04EC0-301F-11D3-BF4B-00C04F79EFBC}") = "Blog", "Blog\Blog\Blog.csproj", "{E28DD785-C2DA-4E56-B92B-D7429EBC741F}"
EndProject
Project("{FAE04EC0-301F-11D3-BF4B-00C04F79EFBC}") = "Blog.Client", "Blog\Blog.Client\Blog.Client.csproj", "{9EC34DF2-1B36-48A0-8C9E-4BB2FEA621F2}"
EndProject
Global
	GlobalSection(SolutionConfigurationPlatforms) = preSolution
		Debug|Any CPU = Debug|Any CPU
		Release|Any CPU = Release|Any CPU
	EndGlobalSection
	GlobalSection(ProjectConfigurationPlatforms) = postSolution
		{57BE8289-4495-4EEE-A940-3F410D0598C8}.Debug|Any CPU.ActiveCfg = Debug|Any CPU
		{57BE8289-4495-4EEE-A940-3F410D0598C8}.Debug|Any CPU.Build.0 = Debug|Any CPU
		{57BE8289-4495-4EEE-A940-3F410D0598C8}.Release|Any CPU.ActiveCfg = Release|Any CPU
		{57BE8289-4495-4EEE-A940-3F410D0598C8}.Release|Any CPU.Build.0 = Release|Any CPU
		{2FA66B87-842E-4387-841D-7732BA983B82}.Debug|Any CPU.ActiveCfg = Debug|Any CPU
		{2FA66B87-842E-4387-841D-7732BA983B82}.Debug|Any CPU.Build.0 = Debug|Any CPU
		{2FA66B87-842E-4387-841D-7732BA983B82}.Release|Any CPU.ActiveCfg = Release|Any CPU
		{2FA66B87-842E-4387-841D-7732BA983B82}.Release|Any CPU.Build.0 = Release|Any CPU
		{E012F4AB-DFD4-4FE6-BEB4-DF1086CC99BC}.Debug|Any CPU.ActiveCfg = Debug|Any CPU
		{E012F4AB-DFD4-4FE6-BEB4-DF1086CC99BC}.Debug|Any CPU.Build.0 = Debug|Any CPU
		{E012F4AB-DFD4-4FE6-BEB4-DF1086CC99BC}.Release|Any CPU.ActiveCfg = Release|Any CPU
		{E012F4AB-DFD4-4FE6-BEB4-DF1086CC99BC}.Release|Any CPU.Build.0 = Release|Any CPU
		{85F035BD-F0A9-4485-8147-CCDB54AB8A43}.Debug|Any CPU.ActiveCfg = Debug|Any CPU
		{85F035BD-F0A9-4485-8147-CCDB54AB8A43}.Debug|Any CPU.Build.0 = Debug|Any CPU
		{85F035BD-F0A9-4485-8147-CCDB54AB8A43}.Release|Any CPU.ActiveCfg = Release|Any CPU
		{85F035BD-F0A9-4485-8147-CCDB54AB8A43}.Release|Any CPU.Build.0 = Release|Any CPU
		{B9978FFB-6882-4197-A7C2-0F22A828BFAF}.Debug|Any CPU.ActiveCfg = Debug|Any CPU
		{B9978FFB-6882-4197-A7C2-0F22A828BFAF}.Debug|Any CPU.Build.0 = Debug|Any CPU
		{B9978FFB-6882-4197-A7C2-0F22A828BFAF}.Release|Any CPU.ActiveCfg = Release|Any CPU
		{B9978FFB-6882-4197-A7C2-0F22A828BFAF}.Release|Any CPU.Build.0 = Release|Any CPU
		{3CAABA12-71CE-4025-9C77-4983FEBE57E5}.Debug|Any CPU.ActiveCfg = Debug|Any CPU
		{3CAABA12-71CE-4025-9C77-4983FEBE57E5}.Debug|Any CPU.Build.0 = Debug|Any CPU
		{3CAABA12-71CE-4025-9C77-4983FEBE57E5}.Release|Any CPU.ActiveCfg = Release|Any CPU
		{3CAABA12-71CE-4025-9C77-4983FEBE57E5}.Release|Any CPU.Build.0 = Release|Any CPU
		{AC648F77-28DB-4FF6-88BD-C8402F79A909}.Debug|Any CPU.ActiveCfg = Debug|Any CPU
		{AC648F77-28DB-4FF6-88BD-C8402F79A909}.Debug|Any CPU.Build.0 = Debug|Any CPU
		{AC648F77-28DB-4FF6-88BD-C8402F79A909}.Release|Any CPU.ActiveCfg = Release|Any CPU
		{AC648F77-28DB-4FF6-88BD-C8402F79A909}.Release|Any CPU.Build.0 = Release|Any CPU
		{AD65C7FD-FEF6-4630-B628-1041E15129FC}.Debug|Any CPU.ActiveCfg = Debug|Any CPU
		{AD65C7FD-FEF6-4630-B628-1041E15129FC}.Debug|Any CPU.Build.0 = Debug|Any CPU
		{AD65C7FD-FEF6-4630-B628-1041E15129FC}.Release|Any CPU.ActiveCfg = Release|Any CPU
		{AD65C7FD-FEF6-4630-B628-1041E15129FC}.Release|Any CPU.Build.0 = Release|Any CPU
		{E28DD785-C2DA-4E56-B92B-D7429EBC741F}.Debug|Any CPU.ActiveCfg = Debug|Any CPU
		{E28DD785-C2DA-4E56-B92B-D7429EBC741F}.Debug|Any CPU.Build.0 = Debug|Any CPU
		{E28DD785-C2DA-4E56-B92B-D7429EBC741F}.Release|Any CPU.ActiveCfg = Release|Any CPU
		{E28DD785-C2DA-4E56-B92B-D7429EBC741F}.Release|Any CPU.Build.0 = Release|Any CPU
		{9EC34DF2-1B36-48A0-8C9E-4BB2FEA621F2}.Debug|Any CPU.ActiveCfg = Debug|Any CPU
		{9EC34DF2-1B36-48A0-8C9E-4BB2FEA621F2}.Debug|Any CPU.Build.0 = Debug|Any CPU
		{9EC34DF2-1B36-48A0-8C9E-4BB2FEA621F2}.Release|Any CPU.ActiveCfg = Release|Any CPU
		{9EC34DF2-1B36-48A0-8C9E-4BB2FEA621F2}.Release|Any CPU.Build.0 = Release|Any CPU
	EndGlobalSection
	GlobalSection(SolutionProperties) = preSolution
		HideSolutionNode = FALSE
	EndGlobalSection
	GlobalSection(ExtensibilityGlobals) = postSolution
		SolutionGuid = {79F3A385-1024-4CA3-9877-AB0D05A4C378}
	EndGlobalSection
EndGlobal
